// !$*UTF8*$!
{
	archiveVersion = 1;
	classes = {
	};
	objectVersion = 46;
	objects = {

/* Begin PBXBuildFile section */
		ED73F89C1B5C82F2006B228C /* MainConnectionViewController.swift in Sources */ = {isa = PBXBuildFile; fileRef = ED73F89B1B5C82F2006B228C /* MainConnectionViewController.swift */; };
		ED73F89D1B5C82F2006B228C /* MainConnectionViewController.swift in Sources */ = {isa = PBXBuildFile; fileRef = ED73F89B1B5C82F2006B228C /* MainConnectionViewController.swift */; };
		EDA97C741B3E4D0B004074F4 /* AppDelegate.swift in Sources */ = {isa = PBXBuildFile; fileRef = EDA97C731B3E4D0B004074F4 /* AppDelegate.swift */; };
		EDA97C761B3E4D0B004074F4 /* ViewController.swift in Sources */ = {isa = PBXBuildFile; fileRef = EDA97C751B3E4D0B004074F4 /* ViewController.swift */; };
		EDA97C791B3E4D0B004074F4 /* Main.storyboard in Resources */ = {isa = PBXBuildFile; fileRef = EDA97C771B3E4D0B004074F4 /* Main.storyboard */; };
		EDA97C7B1B3E4D0B004074F4 /* Images.xcassets in Resources */ = {isa = PBXBuildFile; fileRef = EDA97C7A1B3E4D0B004074F4 /* Images.xcassets */; };
		EDA97C7E1B3E4D0B004074F4 /* LaunchScreen.xib in Resources */ = {isa = PBXBuildFile; fileRef = EDA97C7C1B3E4D0B004074F4 /* LaunchScreen.xib */; };
		EDA97C8A1B3E4D0B004074F4 /* RequstingTests.swift in Sources */ = {isa = PBXBuildFile; fileRef = EDA97C891B3E4D0B004074F4 /* RequstingTests.swift */; };
		EDA97CA71B3E4D2C004074F4 /* AFHTTPRequestOperation.m in Sources */ = {isa = PBXBuildFile; fileRef = EDA97C951B3E4D2C004074F4 /* AFHTTPRequestOperation.m */; };
		EDA97CA81B3E4D2C004074F4 /* AFHTTPRequestOperation.m in Sources */ = {isa = PBXBuildFile; fileRef = EDA97C951B3E4D2C004074F4 /* AFHTTPRequestOperation.m */; };
		EDA97CA91B3E4D2C004074F4 /* AFHTTPRequestOperationManager.m in Sources */ = {isa = PBXBuildFile; fileRef = EDA97C971B3E4D2C004074F4 /* AFHTTPRequestOperationManager.m */; };
		EDA97CAA1B3E4D2C004074F4 /* AFHTTPRequestOperationManager.m in Sources */ = {isa = PBXBuildFile; fileRef = EDA97C971B3E4D2C004074F4 /* AFHTTPRequestOperationManager.m */; };
		EDA97CAB1B3E4D2C004074F4 /* AFHTTPSessionManager.m in Sources */ = {isa = PBXBuildFile; fileRef = EDA97C991B3E4D2C004074F4 /* AFHTTPSessionManager.m */; };
		EDA97CAC1B3E4D2C004074F4 /* AFHTTPSessionManager.m in Sources */ = {isa = PBXBuildFile; fileRef = EDA97C991B3E4D2C004074F4 /* AFHTTPSessionManager.m */; };
		EDA97CAD1B3E4D2C004074F4 /* AFNetworkReachabilityManager.m in Sources */ = {isa = PBXBuildFile; fileRef = EDA97C9C1B3E4D2C004074F4 /* AFNetworkReachabilityManager.m */; };
		EDA97CAE1B3E4D2C004074F4 /* AFNetworkReachabilityManager.m in Sources */ = {isa = PBXBuildFile; fileRef = EDA97C9C1B3E4D2C004074F4 /* AFNetworkReachabilityManager.m */; };
		EDA97CAF1B3E4D2C004074F4 /* AFSecurityPolicy.m in Sources */ = {isa = PBXBuildFile; fileRef = EDA97C9E1B3E4D2C004074F4 /* AFSecurityPolicy.m */; };
		EDA97CB01B3E4D2C004074F4 /* AFSecurityPolicy.m in Sources */ = {isa = PBXBuildFile; fileRef = EDA97C9E1B3E4D2C004074F4 /* AFSecurityPolicy.m */; };
		EDA97CB11B3E4D2C004074F4 /* AFURLConnectionOperation.m in Sources */ = {isa = PBXBuildFile; fileRef = EDA97CA01B3E4D2C004074F4 /* AFURLConnectionOperation.m */; };
		EDA97CB21B3E4D2C004074F4 /* AFURLConnectionOperation.m in Sources */ = {isa = PBXBuildFile; fileRef = EDA97CA01B3E4D2C004074F4 /* AFURLConnectionOperation.m */; };
		EDA97CB31B3E4D2C004074F4 /* AFURLRequestSerialization.m in Sources */ = {isa = PBXBuildFile; fileRef = EDA97CA21B3E4D2C004074F4 /* AFURLRequestSerialization.m */; };
		EDA97CB41B3E4D2C004074F4 /* AFURLRequestSerialization.m in Sources */ = {isa = PBXBuildFile; fileRef = EDA97CA21B3E4D2C004074F4 /* AFURLRequestSerialization.m */; };
		EDA97CB51B3E4D2C004074F4 /* AFURLResponseSerialization.m in Sources */ = {isa = PBXBuildFile; fileRef = EDA97CA41B3E4D2C004074F4 /* AFURLResponseSerialization.m */; };
		EDA97CB61B3E4D2C004074F4 /* AFURLResponseSerialization.m in Sources */ = {isa = PBXBuildFile; fileRef = EDA97CA41B3E4D2C004074F4 /* AFURLResponseSerialization.m */; };
		EDA97CB71B3E4D2C004074F4 /* AFURLSessionManager.m in Sources */ = {isa = PBXBuildFile; fileRef = EDA97CA61B3E4D2C004074F4 /* AFURLSessionManager.m */; };
		EDA97CB81B3E4D2C004074F4 /* AFURLSessionManager.m in Sources */ = {isa = PBXBuildFile; fileRef = EDA97CA61B3E4D2C004074F4 /* AFURLSessionManager.m */; };
		EDA97CBB1B3E5B95004074F4 /* DetailViewController.swift in Sources */ = {isa = PBXBuildFile; fileRef = EDA97CBA1B3E5B95004074F4 /* DetailViewController.swift */; };
		EDA97CBC1B3E5B95004074F4 /* DetailViewController.swift in Sources */ = {isa = PBXBuildFile; fileRef = EDA97CBA1B3E5B95004074F4 /* DetailViewController.swift */; };
/* End PBXBuildFile section */

/* Begin PBXContainerItemProxy section */
		EDA97C841B3E4D0B004074F4 /* PBXContainerItemProxy */ = {
			isa = PBXContainerItemProxy;
			containerPortal = EDA97C661B3E4D0B004074F4 /* Project object */;
			proxyType = 1;
			remoteGlobalIDString = EDA97C6D1B3E4D0B004074F4;
			remoteInfo = Requsting;
		};
/* End PBXContainerItemProxy section */

/* Begin PBXFileReference section */
		ED73F89B1B5C82F2006B228C /* MainConnectionViewController.swift */ = {isa = PBXFileReference; fileEncoding = 4; lastKnownFileType = sourcecode.swift; path = MainConnectionViewController.swift; sourceTree = "<group>"; };
		EDA97C6E1B3E4D0B004074F4 /* Requsting.app */ = {isa = PBXFileReference; explicitFileType = wrapper.application; includeInIndex = 0; path = Requsting.app; sourceTree = BUILT_PRODUCTS_DIR; };
		EDA97C721B3E4D0B004074F4 /* Info.plist */ = {isa = PBXFileReference; lastKnownFileType = text.plist.xml; path = Info.plist; sourceTree = "<group>"; };
		EDA97C731B3E4D0B004074F4 /* AppDelegate.swift */ = {isa = PBXFileReference; lastKnownFileType = sourcecode.swift; path = AppDelegate.swift; sourceTree = "<group>"; };
		EDA97C751B3E4D0B004074F4 /* ViewController.swift */ = {isa = PBXFileReference; lastKnownFileType = sourcecode.swift; path = ViewController.swift; sourceTree = "<group>"; };
		EDA97C781B3E4D0B004074F4 /* Base */ = {isa = PBXFileReference; lastKnownFileType = file.storyboard; name = Base; path = Base.lproj/Main.storyboard; sourceTree = "<group>"; };
		EDA97C7A1B3E4D0B004074F4 /* Images.xcassets */ = {isa = PBXFileReference; lastKnownFileType = folder.assetcatalog; path = Images.xcassets; sourceTree = "<group>"; };
		EDA97C7D1B3E4D0B004074F4 /* Base */ = {isa = PBXFileReference; lastKnownFileType = file.xib; name = Base; path = Base.lproj/LaunchScreen.xib; sourceTree = "<group>"; };
		EDA97C831B3E4D0B004074F4 /* RequstingTests.xctest */ = {isa = PBXFileReference; explicitFileType = wrapper.cfbundle; includeInIndex = 0; path = RequstingTests.xctest; sourceTree = BUILT_PRODUCTS_DIR; };
		EDA97C881B3E4D0B004074F4 /* Info.plist */ = {isa = PBXFileReference; lastKnownFileType = text.plist.xml; path = Info.plist; sourceTree = "<group>"; };
		EDA97C891B3E4D0B004074F4 /* RequstingTests.swift */ = {isa = PBXFileReference; lastKnownFileType = sourcecode.swift; path = RequstingTests.swift; sourceTree = "<group>"; };
		EDA97C941B3E4D2C004074F4 /* AFHTTPRequestOperation.h */ = {isa = PBXFileReference; fileEncoding = 4; lastKnownFileType = sourcecode.c.h; path = AFHTTPRequestOperation.h; sourceTree = "<group>"; };
		EDA97C951B3E4D2C004074F4 /* AFHTTPRequestOperation.m */ = {isa = PBXFileReference; fileEncoding = 4; lastKnownFileType = sourcecode.c.objc; path = AFHTTPRequestOperation.m; sourceTree = "<group>"; };
		EDA97C961B3E4D2C004074F4 /* AFHTTPRequestOperationManager.h */ = {isa = PBXFileReference; fileEncoding = 4; lastKnownFileType = sourcecode.c.h; path = AFHTTPRequestOperationManager.h; sourceTree = "<group>"; };
		EDA97C971B3E4D2C004074F4 /* AFHTTPRequestOperationManager.m */ = {isa = PBXFileReference; fileEncoding = 4; lastKnownFileType = sourcecode.c.objc; path = AFHTTPRequestOperationManager.m; sourceTree = "<group>"; };
		EDA97C981B3E4D2C004074F4 /* AFHTTPSessionManager.h */ = {isa = PBXFileReference; fileEncoding = 4; lastKnownFileType = sourcecode.c.h; path = AFHTTPSessionManager.h; sourceTree = "<group>"; };
		EDA97C991B3E4D2C004074F4 /* AFHTTPSessionManager.m */ = {isa = PBXFileReference; fileEncoding = 4; lastKnownFileType = sourcecode.c.objc; path = AFHTTPSessionManager.m; sourceTree = "<group>"; };
		EDA97C9A1B3E4D2C004074F4 /* AFNetworking.h */ = {isa = PBXFileReference; fileEncoding = 4; lastKnownFileType = sourcecode.c.h; path = AFNetworking.h; sourceTree = "<group>"; };
		EDA97C9B1B3E4D2C004074F4 /* AFNetworkReachabilityManager.h */ = {isa = PBXFileReference; fileEncoding = 4; lastKnownFileType = sourcecode.c.h; path = AFNetworkReachabilityManager.h; sourceTree = "<group>"; };
		EDA97C9C1B3E4D2C004074F4 /* AFNetworkReachabilityManager.m */ = {isa = PBXFileReference; fileEncoding = 4; lastKnownFileType = sourcecode.c.objc; path = AFNetworkReachabilityManager.m; sourceTree = "<group>"; };
		EDA97C9D1B3E4D2C004074F4 /* AFSecurityPolicy.h */ = {isa = PBXFileReference; fileEncoding = 4; lastKnownFileType = sourcecode.c.h; path = AFSecurityPolicy.h; sourceTree = "<group>"; };
		EDA97C9E1B3E4D2C004074F4 /* AFSecurityPolicy.m */ = {isa = PBXFileReference; fileEncoding = 4; lastKnownFileType = sourcecode.c.objc; path = AFSecurityPolicy.m; sourceTree = "<group>"; };
		EDA97C9F1B3E4D2C004074F4 /* AFURLConnectionOperation.h */ = {isa = PBXFileReference; fileEncoding = 4; lastKnownFileType = sourcecode.c.h; path = AFURLConnectionOperation.h; sourceTree = "<group>"; };
		EDA97CA01B3E4D2C004074F4 /* AFURLConnectionOperation.m */ = {isa = PBXFileReference; fileEncoding = 4; lastKnownFileType = sourcecode.c.objc; path = AFURLConnectionOperation.m; sourceTree = "<group>"; };
		EDA97CA11B3E4D2C004074F4 /* AFURLRequestSerialization.h */ = {isa = PBXFileReference; fileEncoding = 4; lastKnownFileType = sourcecode.c.h; path = AFURLRequestSerialization.h; sourceTree = "<group>"; };
		EDA97CA21B3E4D2C004074F4 /* AFURLRequestSerialization.m */ = {isa = PBXFileReference; fileEncoding = 4; lastKnownFileType = sourcecode.c.objc; path = AFURLRequestSerialization.m; sourceTree = "<group>"; };
		EDA97CA31B3E4D2C004074F4 /* AFURLResponseSerialization.h */ = {isa = PBXFileReference; fileEncoding = 4; lastKnownFileType = sourcecode.c.h; path = AFURLResponseSerialization.h; sourceTree = "<group>"; };
		EDA97CA41B3E4D2C004074F4 /* AFURLResponseSerialization.m */ = {isa = PBXFileReference; fileEncoding = 4; lastKnownFileType = sourcecode.c.objc; path = AFURLResponseSerialization.m; sourceTree = "<group>"; };
		EDA97CA51B3E4D2C004074F4 /* AFURLSessionManager.h */ = {isa = PBXFileReference; fileEncoding = 4; lastKnownFileType = sourcecode.c.h; path = AFURLSessionManager.h; sourceTree = "<group>"; };
		EDA97CA61B3E4D2C004074F4 /* AFURLSessionManager.m */ = {isa = PBXFileReference; fileEncoding = 4; lastKnownFileType = sourcecode.c.objc; path = AFURLSessionManager.m; sourceTree = "<group>"; };
		EDA97CB91B3E4D6B004074F4 /* Requsting-Bridging-header.h */ = {isa = PBXFileReference; fileEncoding = 4; lastKnownFileType = sourcecode.c.h; path = "Requsting-Bridging-header.h"; sourceTree = "<group>"; };
		EDA97CBA1B3E5B95004074F4 /* DetailViewController.swift */ = {isa = PBXFileReference; fileEncoding = 4; lastKnownFileType = sourcecode.swift; path = DetailViewController.swift; sourceTree = "<group>"; };
/* End PBXFileReference section */

/* Begin PBXFrameworksBuildPhase section */
		EDA97C6B1B3E4D0B004074F4 /* Frameworks */ = {
			isa = PBXFrameworksBuildPhase;
			buildActionMask = 2147483647;
			files = (
			);
			runOnlyForDeploymentPostprocessing = 0;
		};
		EDA97C801B3E4D0B004074F4 /* Frameworks */ = {
			isa = PBXFrameworksBuildPhase;
			buildActionMask = 2147483647;
			files = (
			);
			runOnlyForDeploymentPostprocessing = 0;
		};
/* End PBXFrameworksBuildPhase section */

/* Begin PBXGroup section */
		EDA97C651B3E4D0B004074F4 = {
			isa = PBXGroup;
			children = (
				EDA97C701B3E4D0B004074F4 /* Requsting */,
				EDA97C861B3E4D0B004074F4 /* RequstingTests */,
				EDA97C6F1B3E4D0B004074F4 /* Products */,
			);
			sourceTree = "<group>";
		};
		EDA97C6F1B3E4D0B004074F4 /* Products */ = {
			isa = PBXGroup;
			children = (
				EDA97C6E1B3E4D0B004074F4 /* Requsting.app */,
				EDA97C831B3E4D0B004074F4 /* RequstingTests.xctest */,
			);
			name = Products;
			sourceTree = "<group>";
		};
		EDA97C701B3E4D0B004074F4 /* Requsting */ = {
			isa = PBXGroup;
			children = (
				EDA97CB91B3E4D6B004074F4 /* Requsting-Bridging-header.h */,
				EDA97C731B3E4D0B004074F4 /* AppDelegate.swift */,
				EDA97C751B3E4D0B004074F4 /* ViewController.swift */,
				EDA97C771B3E4D0B004074F4 /* Main.storyboard */,
				EDA97C7A1B3E4D0B004074F4 /* Images.xcassets */,
				EDA97C7C1B3E4D0B004074F4 /* LaunchScreen.xib */,
				EDA97C711B3E4D0B004074F4 /* Supporting Files */,
				EDA97CBA1B3E5B95004074F4 /* DetailViewController.swift */,
				ED73F89B1B5C82F2006B228C /* MainConnectionViewController.swift */,
			);
			path = Requsting;
			sourceTree = "<group>";
		};
		EDA97C711B3E4D0B004074F4 /* Supporting Files */ = {
			isa = PBXGroup;
			children = (
				EDA97C931B3E4D2C004074F4 /* AFNetworking */,
				EDA97C721B3E4D0B004074F4 /* Info.plist */,
			);
			name = "Supporting Files";
			sourceTree = "<group>";
		};
		EDA97C861B3E4D0B004074F4 /* RequstingTests */ = {
			isa = PBXGroup;
			children = (
				EDA97C891B3E4D0B004074F4 /* RequstingTests.swift */,
				EDA97C871B3E4D0B004074F4 /* Supporting Files */,
			);
			path = RequstingTests;
			sourceTree = "<group>";
		};
		EDA97C871B3E4D0B004074F4 /* Supporting Files */ = {
			isa = PBXGroup;
			children = (
				EDA97C881B3E4D0B004074F4 /* Info.plist */,
			);
			name = "Supporting Files";
			sourceTree = "<group>";
		};
		EDA97C931B3E4D2C004074F4 /* AFNetworking */ = {
			isa = PBXGroup;
			children = (
				EDA97C941B3E4D2C004074F4 /* AFHTTPRequestOperation.h */,
				EDA97C951B3E4D2C004074F4 /* AFHTTPRequestOperation.m */,
				EDA97C961B3E4D2C004074F4 /* AFHTTPRequestOperationManager.h */,
				EDA97C971B3E4D2C004074F4 /* AFHTTPRequestOperationManager.m */,
				EDA97C981B3E4D2C004074F4 /* AFHTTPSessionManager.h */,
				EDA97C991B3E4D2C004074F4 /* AFHTTPSessionManager.m */,
				EDA97C9A1B3E4D2C004074F4 /* AFNetworking.h */,
				EDA97C9B1B3E4D2C004074F4 /* AFNetworkReachabilityManager.h */,
				EDA97C9C1B3E4D2C004074F4 /* AFNetworkReachabilityManager.m */,
				EDA97C9D1B3E4D2C004074F4 /* AFSecurityPolicy.h */,
				EDA97C9E1B3E4D2C004074F4 /* AFSecurityPolicy.m */,
				EDA97C9F1B3E4D2C004074F4 /* AFURLConnectionOperation.h */,
				EDA97CA01B3E4D2C004074F4 /* AFURLConnectionOperation.m */,
				EDA97CA11B3E4D2C004074F4 /* AFURLRequestSerialization.h */,
				EDA97CA21B3E4D2C004074F4 /* AFURLRequestSerialization.m */,
				EDA97CA31B3E4D2C004074F4 /* AFURLResponseSerialization.h */,
				EDA97CA41B3E4D2C004074F4 /* AFURLResponseSerialization.m */,
				EDA97CA51B3E4D2C004074F4 /* AFURLSessionManager.h */,
				EDA97CA61B3E4D2C004074F4 /* AFURLSessionManager.m */,
			);
			path = AFNetworking;
			sourceTree = "<group>";
		};
/* End PBXGroup section */

/* Begin PBXNativeTarget section */
		EDA97C6D1B3E4D0B004074F4 /* Requsting */ = {
			isa = PBXNativeTarget;
			buildConfigurationList = EDA97C8D1B3E4D0B004074F4 /* Build configuration list for PBXNativeTarget "Requsting" */;
			buildPhases = (
				EDA97C6A1B3E4D0B004074F4 /* Sources */,
				EDA97C6B1B3E4D0B004074F4 /* Frameworks */,
				EDA97C6C1B3E4D0B004074F4 /* Resources */,
			);
			buildRules = (
			);
			dependencies = (
			);
			name = Requsting;
			productName = Requsting;
			productReference = EDA97C6E1B3E4D0B004074F4 /* Requsting.app */;
			productType = "com.apple.product-type.application";
		};
		EDA97C821B3E4D0B004074F4 /* RequstingTests */ = {
			isa = PBXNativeTarget;
			buildConfigurationList = EDA97C901B3E4D0B004074F4 /* Build configuration list for PBXNativeTarget "RequstingTests" */;
			buildPhases = (
				EDA97C7F1B3E4D0B004074F4 /* Sources */,
				EDA97C801B3E4D0B004074F4 /* Frameworks */,
				EDA97C811B3E4D0B004074F4 /* Resources */,
			);
			buildRules = (
			);
			dependencies = (
				EDA97C851B3E4D0B004074F4 /* PBXTargetDependency */,
			);
			name = RequstingTests;
			productName = RequstingTests;
			productReference = EDA97C831B3E4D0B004074F4 /* RequstingTests.xctest */;
			productType = "com.apple.product-type.bundle.unit-test";
		};
/* End PBXNativeTarget section */

/* Begin PBXProject section */
		EDA97C661B3E4D0B004074F4 /* Project object */ = {
			isa = PBXProject;
			attributes = {
				LastUpgradeCheck = 0630;
				ORGANIZATIONNAME = "kan vichhai";
				TargetAttributes = {
					EDA97C6D1B3E4D0B004074F4 = {
						CreatedOnToolsVersion = 6.3.1;
					};
					EDA97C821B3E4D0B004074F4 = {
						CreatedOnToolsVersion = 6.3.1;
						TestTargetID = EDA97C6D1B3E4D0B004074F4;
					};
				};
			};
			buildConfigurationList = EDA97C691B3E4D0B004074F4 /* Build configuration list for PBXProject "Requsting" */;
			compatibilityVersion = "Xcode 3.2";
			developmentRegion = English;
			hasScannedForEncodings = 0;
			knownRegions = (
				en,
				Base,
			);
			mainGroup = EDA97C651B3E4D0B004074F4;
			productRefGroup = EDA97C6F1B3E4D0B004074F4 /* Products */;
			projectDirPath = "";
			projectRoot = "";
			targets = (
				EDA97C6D1B3E4D0B004074F4 /* Requsting */,
				EDA97C821B3E4D0B004074F4 /* RequstingTests */,
			);
		};
/* End PBXProject section */

/* Begin PBXResourcesBuildPhase section */
		EDA97C6C1B3E4D0B004074F4 /* Resources */ = {
			isa = PBXResourcesBuildPhase;
			buildActionMask = 2147483647;
			files = (
				EDA97C791B3E4D0B004074F4 /* Main.storyboard in Resources */,
				EDA97C7E1B3E4D0B004074F4 /* LaunchScreen.xib in Resources */,
				EDA97C7B1B3E4D0B004074F4 /* Images.xcassets in Resources */,
			);
			runOnlyForDeploymentPostprocessing = 0;
		};
		EDA97C811B3E4D0B004074F4 /* Resources */ = {
			isa = PBXResourcesBuildPhase;
			buildActionMask = 2147483647;
			files = (
			);
			runOnlyForDeploymentPostprocessing = 0;
		};
/* End PBXResourcesBuildPhase section */

/* Begin PBXSourcesBuildPhase section */
		EDA97C6A1B3E4D0B004074F4 /* Sources */ = {
			isa = PBXSourcesBuildPhase;
			buildActionMask = 2147483647;
			files = (
				EDA97CB31B3E4D2C004074F4 /* AFURLRequestSerialization.m in Sources */,
				EDA97CB11B3E4D2C004074F4 /* AFURLConnectionOperation.m in Sources */,
				ED73F89C1B5C82F2006B228C /* MainConnectionViewController.swift in Sources */,
				EDA97CAF1B3E4D2C004074F4 /* AFSecurityPolicy.m in Sources */,
				EDA97CBB1B3E5B95004074F4 /* DetailViewController.swift in Sources */,
				EDA97CA71B3E4D2C004074F4 /* AFHTTPRequestOperation.m in Sources */,
				EDA97CB71B3E4D2C004074F4 /* AFURLSessionManager.m in Sources */,
				EDA97CB51B3E4D2C004074F4 /* AFURLResponseSerialization.m in Sources */,
				EDA97C761B3E4D0B004074F4 /* ViewController.swift in Sources */,
				EDA97CAB1B3E4D2C004074F4 /* AFHTTPSessionManager.m in Sources */,
				EDA97CA91B3E4D2C004074F4 /* AFHTTPRequestOperationManager.m in Sources */,
				EDA97CAD1B3E4D2C004074F4 /* AFNetworkReachabilityManager.m in Sources */,
				EDA97C741B3E4D0B004074F4 /* AppDelegate.swift in Sources */,
			);
			runOnlyForDeploymentPostprocessing = 0;
		};
		EDA97C7F1B3E4D0B004074F4 /* Sources */ = {
			isa = PBXSourcesBuildPhase;
			buildActionMask = 2147483647;
			files = (
				EDA97CBC1B3E5B95004074F4 /* DetailViewController.swift in Sources */,
				EDA97CB21B3E4D2C004074F4 /* AFURLConnectionOperation.m in Sources */,
				EDA97CB61B3E4D2C004074F4 /* AFURLResponseSerialization.m in Sources */,
				EDA97CA81B3E4D2C004074F4 /* AFHTTPRequestOperation.m in Sources */,
				EDA97C8A1B3E4D0B004074F4 /* RequstingTests.swift in Sources */,
				ED73F89D1B5C82F2006B228C /* MainConnectionViewController.swift in Sources */,
				EDA97CAE1B3E4D2C004074F4 /* AFNetworkReachabilityManager.m in Sources */,
				EDA97CB81B3E4D2C004074F4 /* AFURLSessionManager.m in Sources */,
				EDA97CAA1B3E4D2C004074F4 /* AFHTTPRequestOperationManager.m in Sources */,
				EDA97CB01B3E4D2C004074F4 /* AFSecurityPolicy.m in Sources */,
				EDA97CAC1B3E4D2C004074F4 /* AFHTTPSessionManager.m in Sources */,
				EDA97CB41B3E4D2C004074F4 /* AFURLRequestSerialization.m in Sources */,
			);
			runOnlyForDeploymentPostprocessing = 0;
		};
/* End PBXSourcesBuildPhase section */

/* Begin PBXTargetDependency section */
		EDA97C851B3E4D0B004074F4 /* PBXTargetDependency */ = {
			isa = PBXTargetDependency;
			target = EDA97C6D1B3E4D0B004074F4 /* Requsting */;
			targetProxy = EDA97C841B3E4D0B004074F4 /* PBXContainerItemProxy */;
		};
/* End PBXTargetDependency section */

/* Begin PBXVariantGroup section */
		EDA97C771B3E4D0B004074F4 /* Main.storyboard */ = {
			isa = PBXVariantGroup;
			children = (
				EDA97C781B3E4D0B004074F4 /* Base */,
			);
			name = Main.storyboard;
			sourceTree = "<group>";
		};
		EDA97C7C1B3E4D0B004074F4 /* LaunchScreen.xib */ = {
			isa = PBXVariantGroup;
			children = (
				EDA97C7D1B3E4D0B004074F4 /* Base */,
			);
			name = LaunchScreen.xib;
			sourceTree = "<group>";
		};
/* End PBXVariantGroup section */

/* Begin XCBuildConfiguration section */
		EDA97C8B1B3E4D0B004074F4 /* Debug */ = {
			isa = XCBuildConfiguration;
			buildSettings = {
				ALWAYS_SEARCH_USER_PATHS = NO;
				CLANG_CXX_LANGUAGE_STANDARD = "gnu++0x";
				CLANG_CXX_LIBRARY = "libc++";
				CLANG_ENABLE_MODULES = YES;
				CLANG_ENABLE_OBJC_ARC = YES;
				CLANG_WARN_BOOL_CONVERSION = YES;
				CLANG_WARN_CONSTANT_CONVERSION = YES;
				CLANG_WARN_DIRECT_OBJC_ISA_USAGE = YES_ERROR;
				CLANG_WARN_EMPTY_BODY = YES;
				CLANG_WARN_ENUM_CONVERSION = YES;
				CLANG_WARN_INT_CONVERSION = YES;
				CLANG_WARN_OBJC_ROOT_CLASS = YES_ERROR;
				CLANG_WARN_UNREACHABLE_CODE = YES;
				CLANG_WARN__DUPLICATE_METHOD_MATCH = YES;
				"CODE_SIGN_IDENTITY[sdk=iphoneos*]" = "iPhone Developer";
				COPY_PHASE_STRIP = NO;
				DEBUG_INFORMATION_FORMAT = "dwarf-with-dsym";
				ENABLE_STRICT_OBJC_MSGSEND = YES;
				GCC_C_LANGUAGE_STANDARD = gnu99;
				GCC_DYNAMIC_NO_PIC = NO;
				GCC_NO_COMMON_BLOCKS = YES;
				GCC_OPTIMIZATION_LEVEL = 0;
				GCC_PREPROCESSOR_DEFINITIONS = (
					"DEBUG=1",
					"$(inherited)",
				);
				GCC_SYMBOLS_PRIVATE_EXTERN = NO;
				GCC_WARN_64_TO_32_BIT_CONVERSION = YES;
				GCC_WARN_ABOUT_RETURN_TYPE = YES_ERROR;
				GCC_WARN_UNDECLARED_SELECTOR = YES;
				GCC_WARN_UNINITIALIZED_AUTOS = YES_AGGRESSIVE;
				GCC_WARN_UNUSED_FUNCTION = YES;
				GCC_WARN_UNUSED_VARIABLE = YES;
				IPHONEOS_DEPLOYMENT_TARGET = 8.3;
				MTL_ENABLE_DEBUG_INFO = YES;
				ONLY_ACTIVE_ARCH = YES;
				SDKROOT = iphoneos;
				SWIFT_OPTIMIZATION_LEVEL = "-Onone";
			};
			name = Debug;
		};
		EDA97C8C1B3E4D0B004074F4 /* Release */ = {
			isa = XCBuildConfiguration;
			buildSettings = {
				ALWAYS_SEARCH_USER_PATHS = NO;
				CLANG_CXX_LANGUAGE_STANDARD = "gnu++0x";
				CLANG_CXX_LIBRARY = "libc++";
				CLANG_ENABLE_MODULES = YES;
				CLANG_ENABLE_OBJC_ARC = YES;
				CLANG_WARN_BOOL_CONVERSION = YES;
				CLANG_WARN_CONSTANT_CONVERSION = YES;
				CLANG_WARN_DIRECT_OBJC_ISA_USAGE = YES_ERROR;
				CLANG_WARN_EMPTY_BODY = YES;
				CLANG_WARN_ENUM_CONVERSION = YES;
				CLANG_WARN_INT_CONVERSION = YES;
				CLANG_WARN_OBJC_ROOT_CLASS = YES_ERROR;
				CLANG_WARN_UNREACHABLE_CODE = YES;
				CLANG_WARN__DUPLICATE_METHOD_MATCH = YES;
				"CODE_SIGN_IDENTITY[sdk=iphoneos*]" = "iPhone Developer";
				COPY_PHASE_STRIP = NO;
				DEBUG_INFORMATION_FORMAT = "dwarf-with-dsym";
				ENABLE_NS_ASSERTIONS = NO;
				ENABLE_STRICT_OBJC_MSGSEND = YES;
				GCC_C_LANGUAGE_STANDARD = gnu99;
				GCC_NO_COMMON_BLOCKS = YES;
				GCC_WARN_64_TO_32_BIT_CONVERSION = YES;
				GCC_WARN_ABOUT_RETURN_TYPE = YES_ERROR;
				GCC_WARN_UNDECLARED_SELECTOR = YES;
				GCC_WARN_UNINITIALIZED_AUTOS = YES_AGGRESSIVE;
				GCC_WARN_UNUSED_FUNCTION = YES;
				GCC_WARN_UNUSED_VARIABLE = YES;
				IPHONEOS_DEPLOYMENT_TARGET = 8.3;
				MTL_ENABLE_DEBUG_INFO = NO;
				SDKROOT = iphoneos;
				VALIDATE_PRODUCT = YES;
			};
			name = Release;
		};
		EDA97C8E1B3E4D0B004074F4 /* Debug */ = {
			isa = XCBuildConfiguration;
			buildSettings = {
				ASSETCATALOG_COMPILER_APPICON_NAME = AppIcon;
				INFOPLIST_FILE = Requsting/Info.plist;
				LD_RUNPATH_SEARCH_PATHS = "$(inherited) @executable_path/Frameworks";
				PRODUCT_NAME = "$(TARGET_NAME)";
				SWIFT_OBJC_BRIDGING_HEADER = "Requsting/Requsting-Bridging-header.h";
			};
			name = Debug;
		};
		EDA97C8F1B3E4D0B004074F4 /* Release */ = {
			isa = XCBuildConfiguration;
			buildSettings = {
				ASSETCATALOG_COMPILER_APPICON_NAME = AppIcon;
				INFOPLIST_FILE = Requsting/Info.plist;
				LD_RUNPATH_SEARCH_PATHS = "$(inherited) @executable_path/Frameworks";
				PRODUCT_NAME = "$(TARGET_NAME)";
				SWIFT_OBJC_BRIDGING_HEADER = "Requsting/Requsting-Bridging-header.h";
			};
			name = Release;
		};
		EDA97C911B3E4D0B004074F4 /* Debug */ = {
			isa = XCBuildConfiguration;
			buildSettings = {
				BUNDLE_LOADER = "$(TEST_HOST)";
				FRAMEWORK_SEARCH_PATHS = (
					"$(SDKROOT)/Developer/Library/Frameworks",
					"$(inherited)",
				);
				GCC_PREPROCESSOR_DEFINITIONS = (
					"DEBUG=1",
					"$(inherited)",
				);
				INFOPLIST_FILE = RequstingTests/Info.plist;
				LD_RUNPATH_SEARCH_PATHS = "$(inherited) @executable_path/Frameworks @loader_path/Frameworks";
				PRODUCT_NAME = "$(TARGET_NAME)";
				TEST_HOST = "$(BUILT_PRODUCTS_DIR)/Requsting.app/Requsting";
			};
			name = Debug;
		};
		EDA97C921B3E4D0B004074F4 /* Release */ = {
			isa = XCBuildConfiguration;
			buildSettings = {
				BUNDLE_LOADER = "$(TEST_HOST)";
				FRAMEWORK_SEARCH_PATHS = (
					"$(SDKROOT)/Developer/Library/Frameworks",
					"$(inherited)",
				);
				INFOPLIST_FILE = RequstingTests/Info.plist;
				LD_RUNPATH_SEARCH_PATHS = "$(inherited) @executable_path/Frameworks @loader_path/Frameworks";
				PRODUCT_NAME = "$(TARGET_NAME)";
				TEST_HOST = "$(BUILT_PRODUCTS_DIR)/Requsting.app/Requsting";
			};
			name = Release;
		};
/* End XCBuildConfiguration section */

/* Begin XCConfigurationList section */
		EDA97C691B3E4D0B004074F4 /* Build configuration list for PBXProject "Requsting" */ = {
			isa = XCConfigurationList;
			buildConfigurations = (
				EDA97C8B1B3E4D0B004074F4 /* Debug */,
				EDA97C8C1B3E4D0B004074F4 /* Release */,
			);
			defaultConfigurationIsVisible = 0;
			defaultConfigurationName = Release;
		};
		EDA97C8D1B3E4D0B004074F4 /* Build configuration list for PBXNativeTarget "Requsting" */ = {
			isa = XCConfigurationList;
			buildConfigurations = (
				EDA97C8E1B3E4D0B004074F4 /* Debug */,
				EDA97C8F1B3E4D0B004074F4 /* Release */,
			);
			defaultConfigurationIsVisible = 0;
			defaultConfigurationName = Release;
		};
		EDA97C901B3E4D0B004074F4 /* Build configuration list for PBXNativeTarget "RequstingTests" */ = {
			isa = XCConfigurationList;
			buildConfigurations = (
				EDA97C911B3E4D0B004074F4 /* Debug */,
				EDA97C921B3E4D0B004074F4 /* Release */,
			);
			defaultConfigurationIsVisible = 0;
			defaultConfigurationName = Release;
		};
/* End XCConfigurationList section */
	};
	rootObject = EDA97C661B3E4D0B004074F4 /* Project object */;
}
